
Microsoft Visual Studio Solution File, Format Version 12.00
# Visual Studio Version 16
VisualStudioVersion = 16.0.29411.138
MinimumVisualStudioVersion = 10.0.40219.1
Project("{FAE04EC0-301F-11D3-BF4B-00C04F79EFBC}") = "MapsWithLottie.UWP", "MapsWithLottie\MapsWithLottie.UWP\MapsWithLottie.UWP.csproj", "{7F9A6130-88EC-4229-A271-BB89E4EFEA9F}"
EndProject
Project("{FAE04EC0-301F-11D3-BF4B-00C04F79EFBC}") = "MapsWithLottie.Android", "MapsWithLottie\MapsWithLottie.Android\MapsWithLottie.Android.csproj", "{675D0EC8-B5BC-497F-BF10-3621C29F810C}"
EndProject
Project("{FAE04EC0-301F-11D3-BF4B-00C04F79EFBC}") = "MapsWithLottie.iOS", "MapsWithLottie\MapsWithLottie.iOS\MapsWithLottie.iOS.csproj", "{6FCD871C-9063-47BB-8494-30880454334A}"
EndProject
Project("{FAE04EC0-301F-11D3-BF4B-00C04F79EFBC}") = "MapsWithLottie", "MapsWithLottie\MapsWithLottie\MapsWithLottie.csproj", "{1B2A7AE3-F100-46F0-9B2A-BFC43E5E6102}"
EndProject
Global
	GlobalSection(SolutionConfigurationPlatforms) = preSolution
		Debug|Any CPU = Debug|Any CPU
		Debug|ARM = Debug|ARM
		Debug|iPhone = Debug|iPhone
		Debug|iPhoneSimulator = Debug|iPhoneSimulator
		Debug|x64 = Debug|x64
		Debug|x86 = Debug|x86
		Release|Any CPU = Release|Any CPU
		Release|ARM = Release|ARM
		Release|iPhone = Release|iPhone
		Release|iPhoneSimulator = Release|iPhoneSimulator
		Release|x64 = Release|x64
		Release|x86 = Release|x86
	EndGlobalSection
	GlobalSection(ProjectConfigurationPlatforms) = postSolution
		{7F9A6130-88EC-4229-A271-BB89E4EFEA9F}.Debug|Any CPU.ActiveCfg = Debug|x86
		{7F9A6130-88EC-4229-A271-BB89E4EFEA9F}.Debug|Any CPU.Build.0 = Debug|x86
		{7F9A6130-88EC-4229-A271-BB89E4EFEA9F}.Debug|Any CPU.Deploy.0 = Debug|x86
		{7F9A6130-88EC-4229-A271-BB89E4EFEA9F}.Debug|ARM.ActiveCfg = Debug|ARM
		{7F9A6130-88EC-4229-A271-BB89E4EFEA9F}.Debug|ARM.Build.0 = Debug|ARM
		{7F9A6130-88EC-4229-A271-BB89E4EFEA9F}.Debug|ARM.Deploy.0 = Debug|ARM
		{7F9A6130-88EC-4229-A271-BB89E4EFEA9F}.Debug|iPhone.ActiveCfg = Debug|x86
		{7F9A6130-88EC-4229-A271-BB89E4EFEA9F}.Debug|iPhone.Build.0 = Debug|x86
		{7F9A6130-88EC-4229-A271-BB89E4EFEA9F}.Debug|iPhone.Deploy.0 = Debug|x86
		{7F9A6130-88EC-4229-A271-BB89E4EFEA9F}.Debug|iPhoneSimulator.ActiveCfg = Debug|x86
		{7F9A6130-88EC-4229-A271-BB89E4EFEA9F}.Debug|iPhoneSimulator.Build.0 = Debug|x86
		{7F9A6130-88EC-4229-A271-BB89E4EFEA9F}.Debug|iPhoneSimulator.Deploy.0 = Debug|x86
		{7F9A6130-88EC-4229-A271-BB89E4EFEA9F}.Debug|x64.ActiveCfg = Debug|x64
		{7F9A6130-88EC-4229-A271-BB89E4EFEA9F}.Debug|x64.Build.0 = Debug|x64
		{7F9A6130-88EC-4229-A271-BB89E4EFEA9F}.Debug|x64.Deploy.0 = Debug|x64
		{7F9A6130-88EC-4229-A271-BB89E4EFEA9F}.Debug|x86.ActiveCfg = Debug|x86
		{7F9A6130-88EC-4229-A271-BB89E4EFEA9F}.Debug|x86.Build.0 = Debug|x86
		{7F9A6130-88EC-4229-A271-BB89E4EFEA9F}.Debug|x86.Deploy.0 = Debug|x86
		{7F9A6130-88EC-4229-A271-BB89E4EFEA9F}.Release|Any CPU.ActiveCfg = Release|x86
		{7F9A6130-88EC-4229-A271-BB89E4EFEA9F}.Release|Any CPU.Build.0 = Release|x86
		{7F9A6130-88EC-4229-A271-BB89E4EFEA9F}.Release|Any CPU.Deploy.0 = Release|x86
		{7F9A6130-88EC-4229-A271-BB89E4EFEA9F}.Release|ARM.ActiveCfg = Release|ARM
		{7F9A6130-88EC-4229-A271-BB89E4EFEA9F}.Release|ARM.Build.0 = Release|ARM
		{7F9A6130-88EC-4229-A271-BB89E4EFEA9F}.Release|ARM.Deploy.0 = Release|ARM
		{7F9A6130-88EC-4229-A271-BB89E4EFEA9F}.Release|iPhone.ActiveCfg = Release|x86
		{7F9A6130-88EC-4229-A271-BB89E4EFEA9F}.Release|iPhone.Build.0 = Release|x86
		{7F9A6130-88EC-4229-A271-BB89E4EFEA9F}.Release|iPhone.Deploy.0 = Release|x86
		{7F9A6130-88EC-4229-A271-BB89E4EFEA9F}.Release|iPhoneSimulator.ActiveCfg = Release|x86
		{7F9A6130-88EC-4229-A271-BB89E4EFEA9F}.Release|iPhoneSimulator.Build.0 = Release|x86
		{7F9A6130-88EC-4229-A271-BB89E4EFEA9F}.Release|iPhoneSimulator.Deploy.0 = Release|x86
		{7F9A6130-88EC-4229-A271-BB89E4EFEA9F}.Release|x64.ActiveCfg = Release|x64
		{7F9A6130-88EC-4229-A271-BB89E4EFEA9F}.Release|x64.Build.0 = Release|x64
		{7F9A6130-88EC-4229-A271-BB89E4EFEA9F}.Release|x64.Deploy.0 = Release|x64
		{7F9A6130-88EC-4229-A271-BB89E4EFEA9F}.Release|x86.ActiveCfg = Release|x86
		{7F9A6130-88EC-4229-A271-BB89E4EFEA9F}.Release|x86.Build.0 = Release|x86
		{7F9A6130-88EC-4229-A271-BB89E4EFEA9F}.Release|x86.Deploy.0 = Release|x86
		{675D0EC8-B5BC-497F-BF10-3621C29F810C}.Debug|Any CPU.ActiveCfg = Debug|Any CPU
		{675D0EC8-B5BC-497F-BF10-3621C29F810C}.Debug|Any CPU.Build.0 = Debug|Any CPU
		{675D0EC8-B5BC-497F-BF10-3621C29F810C}.Debug|Any CPU.Deploy.0 = Debug|Any CPU
		{675D0EC8-B5BC-497F-BF10-3621C29F810C}.Debug|ARM.ActiveCfg = Debug|Any CPU
		{675D0EC8-B5BC-497F-BF10-3621C29F810C}.Debug|ARM.Build.0 = Debug|Any CPU
		{675D0EC8-B5BC-497F-BF10-3621C29F810C}.Debug|ARM.Deploy.0 = Debug|Any CPU
		{675D0EC8-B5BC-497F-BF10-3621C29F810C}.Debug|iPhone.ActiveCfg = Debug|Any CPU
		{675D0EC8-B5BC-497F-BF10-3621C29F810C}.Debug|iPhone.Build.0 = Debug|Any CPU
		{675D0EC8-B5BC-497F-BF10-3621C29F810C}.Debug|iPhone.Deploy.0 = Debug|Any CPU
		{675D0EC8-B5BC-497F-BF10-3621C29F810C}.Debug|iPhoneSimulator.ActiveCfg = Debug|Any CPU
		{675D0EC8-B5BC-497F-BF10-3621C29F810C}.Debug|iPhoneSimulator.Build.0 = Debug|Any CPU
		{675D0EC8-B5BC-497F-BF10-3621C29F810C}.Debug|iPhoneSimulator.Deploy.0 = Debug|Any CPU
		{675D0EC8-B5BC-497F-BF10-3621C29F810C}.Debug|x64.ActiveCfg = Debug|Any CPU
		{675D0EC8-B5BC-497F-BF10-3621C29F810C}.Debug|x64.Build.0 = Debug|Any CPU
		{675D0EC8-B5BC-497F-BF10-3621C29F810C}.Debug|x64.Deploy.0 = Debug|Any CPU
		{675D0EC8-B5BC-497F-BF10-3621C29F810C}.Debug|x86.ActiveCfg = Debug|Any CPU
		{675D0EC8-B5BC-497F-BF10-3621C29F810C}.Debug|x86.Build.0 = Debug|Any CPU
		{675D0EC8-B5BC-497F-BF10-3621C29F810C}.Debug|x86.Deploy.0 = Debug|Any CPU
		{675D0EC8-B5BC-497F-BF10-3621C29F810C}.Release|Any CPU.ActiveCfg = Release|Any CPU
		{675D0EC8-B5BC-497F-BF10-3621C29F810C}.Release|Any CPU.Build.0 = Release|Any CPU
		{675D0EC8-B5BC-497F-BF10-3621C29F810C}.Release|Any CPU.Deploy.0 = Release|Any CPU
		{675D0EC8-B5BC-497F-BF10-3621C29F810C}.Release|ARM.ActiveCfg = Release|Any CPU
		{675D0EC8-B5BC-497F-BF10-3621C29F810C}.Release|ARM.Build.0 = Release|Any CPU
		{675D0EC8-B5BC-497F-BF10-3621C29F810C}.Release|ARM.Deploy.0 = Release|Any CPU
		{675D0EC8-B5BC-497F-BF10-3621C29F810C}.Release|iPhone.ActiveCfg = Release|Any CPU
		{675D0EC8-B5BC-497F-BF10-3621C29F810C}.Release|iPhone.Build.0 = Release|Any CPU
		{675D0EC8-B5BC-497F-BF10-3621C29F810C}.Release|iPhone.Deploy.0 = Release|Any CPU
		{675D0EC8-B5BC-497F-BF10-3621C29F810C}.Release|iPhoneSimulator.ActiveCfg = Release|Any CPU
		{675D0EC8-B5BC-497F-BF10-3621C29F810C}.Release|iPhoneSimulator.Build.0 = Release|Any CPU
		{675D0EC8-B5BC-497F-BF10-3621C29F810C}.Release|iPhoneSimulator.Deploy.0 = Release|Any CPU
		{675D0EC8-B5BC-497F-BF10-3621C29F810C}.Release|x64.ActiveCfg = Release|Any CPU
		{675D0EC8-B5BC-497F-BF10-3621C29F810C}.Release|x64.Build.0 = Release|Any CPU
		{675D0EC8-B5BC-497F-BF10-3621C29F810C}.Release|x64.Deploy.0 = Release|Any CPU
		{675D0EC8-B5BC-497F-BF10-3621C29F810C}.Release|x86.ActiveCfg = Release|Any CPU
		{675D0EC8-B5BC-497F-BF10-3621C29F810C}.Release|x86.Build.0 = Release|Any CPU
		{675D0EC8-B5BC-497F-BF10-3621C29F810C}.Release|x86.Deploy.0 = Release|Any CPU
		{6FCD871C-9063-47BB-8494-30880454334A}.Debug|Any CPU.ActiveCfg = Debug|iPhone
		{6FCD871C-9063-47BB-8494-30880454334A}.Debug|Any CPU.Build.0 = Debug|iPhone
		{6FCD871C-9063-47BB-8494-30880454334A}.Debug|Any CPU.Deploy.0 = Debug|iPhone
		{6FCD871C-9063-47BB-8494-30880454334A}.Debug|ARM.ActiveCfg = Debug|iPhoneSimulator
		{6FCD871C-9063-47BB-8494-30880454334A}.Debug|ARM.Build.0 = Debug|iPhoneSimulator
		{6FCD871C-9063-47BB-8494-30880454334A}.Debug|ARM.Deploy.0 = Debug|iPhoneSimulator
		{6FCD871C-9063-47BB-8494-30880454334A}.Debug|iPhone.ActiveCfg = Debug|iPhone
		{6FCD871C-9063-47BB-8494-30880454334A}.Debug|iPhone.Build.0 = Debug|iPhone
		{6FCD871C-9063-47BB-8494-30880454334A}.Debug|iPhone.Deploy.0 = Debug|iPhone
		{6FCD871C-9063-47BB-8494-30880454334A}.Debug|iPhoneSimulator.ActiveCfg = Debug|iPhoneSimulator
		{6FCD871C-9063-47BB-8494-30880454334A}.Debug|iPhoneSimulator.Build.0 = Debug|iPhoneSimulator
		{6FCD871C-9063-47BB-8494-30880454334A}.Debug|iPhoneSimulator.Deploy.0 = Debug|iPhoneSimulator
		{6FCD871C-9063-47BB-8494-30880454334A}.Debug|x64.ActiveCfg = Debug|iPhone
		{6FCD871C-9063-47BB-8494-30880454334A}.Debug|x64.Build.0 = Debug|iPhone
		{6FCD871C-9063-47BB-8494-30880454334A}.Debug|x64.Deploy.0 = Debug|iPhone
		{6FCD871C-9063-47BB-8494-30880454334A}.Debug|x86.ActiveCfg = Debug|iPhone
		{6FCD871C-9063-47BB-8494-30880454334A}.Debug|x86.Build.0 = Debug|iPhone
		{6FCD871C-9063-47BB-8494-30880454334A}.Debug|x86.Deploy.0 = Debug|iPhone
		{6FCD871C-9063-47BB-8494-30880454334A}.Release|Any CPU.ActiveCfg = Release|iPhone
		{6FCD871C-9063-47BB-8494-30880454334A}.Release|Any CPU.Build.0 = Release|iPhone
		{6FCD871C-9063-47BB-8494-30880454334A}.Release|Any CPU.Deploy.0 = Release|iPhone
		{6FCD871C-9063-47BB-8494-30880454334A}.Release|ARM.ActiveCfg = Release|iPhone
		{6FCD871C-9063-47BB-8494-30880454334A}.Release|ARM.Build.0 = Release|iPhone
		{6FCD871C-9063-47BB-8494-30880454334A}.Release|ARM.Deploy.0 = Release|iPhone
		{6FCD871C-9063-47BB-8494-30880454334A}.Release|iPhone.ActiveCfg = Release|iPhone
		{6FCD871C-9063-47BB-8494-30880454334A}.Release|iPhone.Build.0 = Release|iPhone
		{6FCD871C-9063-47BB-8494-30880454334A}.Release|iPhone.Deploy.0 = Release|iPhone
		{6FCD871C-9063-47BB-8494-30880454334A}.Release|iPhoneSimulator.ActiveCfg = Release|iPhoneSimulator
		{6FCD871C-9063-47BB-8494-30880454334A}.Release|iPhoneSimulator.Build.0 = Release|iPhoneSimulator
		{6FCD871C-9063-47BB-8494-30880454334A}.Release|iPhoneSimulator.Deploy.0 = Release|iPhoneSimulator
		{6FCD871C-9063-47BB-8494-30880454334A}.Release|x64.ActiveCfg = Release|iPhone
		{6FCD871C-9063-47BB-8494-30880454334A}.Release|x64.Build.0 = Release|iPhone
		{6FCD871C-9063-47BB-8494-30880454334A}.Release|x64.Deploy.0 = Release|iPhone
		{6FCD871C-9063-47BB-8494-30880454334A}.Release|x86.ActiveCfg = Release|iPhone
		{6FCD871C-9063-47BB-8494-30880454334A}.Release|x86.Build.0 = Release|iPhone
		{6FCD871C-9063-47BB-8494-30880454334A}.Release|x86.Deploy.0 = Release|iPhone
		{1B2A7AE3-F100-46F0-9B2A-BFC43E5E6102}.Debug|Any CPU.ActiveCfg = Debug|Any CPU
		{1B2A7AE3-F100-46F0-9B2A-BFC43E5E6102}.Debug|Any CPU.Build.0 = Debug|Any CPU
		{1B2A7AE3-F100-46F0-9B2A-BFC43E5E6102}.Debug|Any CPU.Deploy.0 = Debug|Any CPU
		{1B2A7AE3-F100-46F0-9B2A-BFC43E5E6102}.Debug|ARM.ActiveCfg = Debug|Any CPU
		{1B2A7AE3-F100-46F0-9B2A-BFC43E5E6102}.Debug|ARM.Build.0 = Debug|Any CPU
		{1B2A7AE3-F100-46F0-9B2A-BFC43E5E6102}.Debug|ARM.Deploy.0 = Debug|Any CPU
		{1B2A7AE3-F100-46F0-9B2A-BFC43E5E6102}.Debug|iPhone.ActiveCfg = Debug|Any CPU
		{1B2A7AE3-F100-46F0-9B2A-BFC43E5E6102}.Debug|iPhone.Build.0 = Debug|Any CPU
		{1B2A7AE3-F100-46F0-9B2A-BFC43E5E6102}.Debug|iPhone.Deploy.0 = Debug|Any CPU
		{1B2A7AE3-F100-46F0-9B2A-BFC43E5E6102}.Debug|iPhoneSimulator.ActiveCfg = Debug|Any CPU
		{1B2A7AE3-F100-46F0-9B2A-BFC43E5E6102}.Debug|iPhoneSimulator.Build.0 = Debug|Any CPU
		{1B2A7AE3-F100-46F0-9B2A-BFC43E5E6102}.Debug|iPhoneSimulator.Deploy.0 = Debug|Any CPU
		{1B2A7AE3-F100-46F0-9B2A-BFC43E5E6102}.Debug|x64.ActiveCfg = Debug|Any CPU
		{1B2A7AE3-F100-46F0-9B2A-BFC43E5E6102}.Debug|x64.Build.0 = Debug|Any CPU
		{1B2A7AE3-F100-46F0-9B2A-BFC43E5E6102}.Debug|x64.Deploy.0 = Debug|Any CPU
		{1B2A7AE3-F100-46F0-9B2A-BFC43E5E6102}.Debug|x86.ActiveCfg = Debug|Any CPU
		{1B2A7AE3-F100-46F0-9B2A-BFC43E5E6102}.Debug|x86.Build.0 = Debug|Any CPU
		{1B2A7AE3-F100-46F0-9B2A-BFC43E5E6102}.Debug|x86.Deploy.0 = Debug|Any CPU
		{1B2A7AE3-F100-46F0-9B2A-BFC43E5E6102}.Release|Any CPU.ActiveCfg = Release|Any CPU
		{1B2A7AE3-F100-46F0-9B2A-BFC43E5E6102}.Release|Any CPU.Build.0 = Release|Any CPU
		{1B2A7AE3-F100-46F0-9B2A-BFC43E5E6102}.Release|Any CPU.Deploy.0 = Release|Any CPU
		{1B2A7AE3-F100-46F0-9B2A-BFC43E5E6102}.Release|ARM.ActiveCfg = Release|Any CPU
		{1B2A7AE3-F100-46F0-9B2A-BFC43E5E6102}.Release|ARM.Build.0 = Release|Any CPU
		{1B2A7AE3-F100-46F0-9B2A-BFC43E5E6102}.Release|ARM.Deploy.0 = Release|Any CPU
		{1B2A7AE3-F100-46F0-9B2A-BFC43E5E6102}.Release|iPhone.ActiveCfg = Release|Any CPU
		{1B2A7AE3-F100-46F0-9B2A-BFC43E5E6102}.Release|iPhone.Build.0 = Release|Any CPU
		{1B2A7AE3-F100-46F0-9B2A-BFC43E5E6102}.Release|iPhone.Deploy.0 = Release|Any CPU
		{1B2A7AE3-F100-46F0-9B2A-BFC43E5E6102}.Release|iPhoneSimulator.ActiveCfg = Release|Any CPU
		{1B2A7AE3-F100-46F0-9B2A-BFC43E5E6102}.Release|iPhoneSimulator.Build.0 = Release|Any CPU
		{1B2A7AE3-F100-46F0-9B2A-BFC43E5E6102}.Release|iPhoneSimulator.Deploy.0 = Release|Any CPU
		{1B2A7AE3-F100-46F0-9B2A-BFC43E5E6102}.Release|x64.ActiveCfg = Release|Any CPU
		{1B2A7AE3-F100-46F0-9B2A-BFC43E5E6102}.Release|x64.Build.0 = Release|Any CPU
		{1B2A7AE3-F100-46F0-9B2A-BFC43E5E6102}.Release|x64.Deploy.0 = Release|Any CPU
		{1B2A7AE3-F100-46F0-9B2A-BFC43E5E6102}.Release|x86.ActiveCfg = Release|Any CPU
		{1B2A7AE3-F100-46F0-9B2A-BFC43E5E6102}.Release|x86.Build.0 = Release|Any CPU
		{1B2A7AE3-F100-46F0-9B2A-BFC43E5E6102}.Release|x86.Deploy.0 = Release|Any CPU
	EndGlobalSection
	GlobalSection(SolutionProperties) = preSolution
		HideSolutionNode = FALSE
	EndGlobalSection
	GlobalSection(ExtensibilityGlobals) = postSolution
		SolutionGuid = {56D5F871-B286-47AF-88DC-C5D18897872E}
	EndGlobalSection
EndGlobal
